
Microsoft Visual Studio Solution File, Format Version 12.00
# Visual Studio 15
Project("{FAE04EC0-301F-11D3-BF4B-00C04F79EFBC}") = "Assembly-CSharp", "Assembly-CSharp.csproj", "{D611C300-3C0B-CAE5-F70D-D4AE312330CC}"
EndProject
Project("{FAE04EC0-301F-11D3-BF4B-00C04F79EFBC}") = "E7.NativeTouch", "E7.NativeTouch.csproj", "{4D2ADF05-24C2-3F8A-CA69-21A9C63D0496}"
EndProject
Project("{FAE04EC0-301F-11D3-BF4B-00C04F79EFBC}") = "Assembly-CSharp-Editor", "Assembly-CSharp-Editor.csproj", "{1ABD3A29-8AB4-8F21-D8A9-CB52D5F730F6}"
EndProject
Global
	GlobalSection(SolutionConfigurationPlatforms) = preSolution
		Debug|Any CPU = Debug|Any CPU
		Release|Any CPU = Release|Any CPU
	EndGlobalSection
	GlobalSection(ProjectConfigurationPlatforms) = postSolution
		{D611C300-3C0B-CAE5-F70D-D4AE312330CC}.Debug|Any CPU.ActiveCfg = Debug|Any CPU
		{D611C300-3C0B-CAE5-F70D-D4AE312330CC}.Debug|Any CPU.Build.0 = Debug|Any CPU
		{D611C300-3C0B-CAE5-F70D-D4AE312330CC}.Release|Any CPU.ActiveCfg = Release|Any CPU
		{D611C300-3C0B-CAE5-F70D-D4AE312330CC}.Release|Any CPU.Build.0 = Release|Any CPU
		{4D2ADF05-24C2-3F8A-CA69-21A9C63D0496}.Debug|Any CPU.ActiveCfg = Debug|Any CPU
		{4D2ADF05-24C2-3F8A-CA69-21A9C63D0496}.Debug|Any CPU.Build.0 = Debug|Any CPU
		{4D2ADF05-24C2-3F8A-CA69-21A9C63D0496}.Release|Any CPU.ActiveCfg = Release|Any CPU
		{4D2ADF05-24C2-3F8A-CA69-21A9C63D0496}.Release|Any CPU.Build.0 = Release|Any CPU
		{1ABD3A29-8AB4-8F21-D8A9-CB52D5F730F6}.Debug|Any CPU.ActiveCfg = Debug|Any CPU
		{1ABD3A29-8AB4-8F21-D8A9-CB52D5F730F6}.Debug|Any CPU.Build.0 = Debug|Any CPU
		{1ABD3A29-8AB4-8F21-D8A9-CB52D5F730F6}.Release|Any CPU.ActiveCfg = Release|Any CPU
		{1ABD3A29-8AB4-8F21-D8A9-CB52D5F730F6}.Release|Any CPU.Build.0 = Release|Any CPU
	EndGlobalSection
	GlobalSection(SolutionProperties) = preSolution
		HideSolutionNode = FALSE
	EndGlobalSection
EndGlobal
